
Microsoft Visual Studio Solution File, Format Version 12.00
# Visual Studio Version 17
VisualStudioVersion = 17.13.35806.99 d17.13
MinimumVisualStudioVersion = 10.0.40219.1
Project("{FAE04EC0-301F-11D3-BF4B-00C04F79EFBC}") = "test_api", "test_api\test_api.csproj", "{F944F056-C721-4AB1-814C-FF0F3F54105E}"
EndProject
Project("{FAE04EC0-301F-11D3-BF4B-00C04F79EFBC}") = "Domain", "Domain\Domain.csproj", "{7CCF22BF-E9D4-470D-B19E-789D852125F8}"
EndProject
Project("{FAE04EC0-301F-11D3-BF4B-00C04F79EFBC}") = "Infra", "Infra\Infra.csproj", "{EA66A263-3331-4448-A5C4-105B61AE2761}"
EndProject
Project("{FAE04EC0-301F-11D3-BF4B-00C04F79EFBC}") = "App", "App\App.csproj", "{7C3CB912-8737-4AB7-83CA-C2BC2CE1652F}"
EndProject
Project("{FAE04EC0-301F-11D3-BF4B-00C04F79EFBC}") = "Benchmark", "Benchmark\Benchmark.csproj", "{63DD4330-96F3-4B78-A2DF-12CDF9EB33B8}"
EndProject
Global
	GlobalSection(SolutionConfigurationPlatforms) = preSolution
		Debug|Any CPU = Debug|Any CPU
		Release|Any CPU = Release|Any CPU
	EndGlobalSection
	GlobalSection(ProjectConfigurationPlatforms) = postSolution
		{F944F056-C721-4AB1-814C-FF0F3F54105E}.Debug|Any CPU.ActiveCfg = Debug|Any CPU
		{F944F056-C721-4AB1-814C-FF0F3F54105E}.Debug|Any CPU.Build.0 = Debug|Any CPU
		{F944F056-C721-4AB1-814C-FF0F3F54105E}.Release|Any CPU.ActiveCfg = Release|Any CPU
		{F944F056-C721-4AB1-814C-FF0F3F54105E}.Release|Any CPU.Build.0 = Release|Any CPU
		{7CCF22BF-E9D4-470D-B19E-789D852125F8}.Debug|Any CPU.ActiveCfg = Debug|Any CPU
		{7CCF22BF-E9D4-470D-B19E-789D852125F8}.Debug|Any CPU.Build.0 = Debug|Any CPU
		{7CCF22BF-E9D4-470D-B19E-789D852125F8}.Release|Any CPU.ActiveCfg = Release|Any CPU
		{7CCF22BF-E9D4-470D-B19E-789D852125F8}.Release|Any CPU.Build.0 = Release|Any CPU
		{EA66A263-3331-4448-A5C4-105B61AE2761}.Debug|Any CPU.ActiveCfg = Debug|Any CPU
		{EA66A263-3331-4448-A5C4-105B61AE2761}.Debug|Any CPU.Build.0 = Debug|Any CPU
		{EA66A263-3331-4448-A5C4-105B61AE2761}.Release|Any CPU.ActiveCfg = Release|Any CPU
		{EA66A263-3331-4448-A5C4-105B61AE2761}.Release|Any CPU.Build.0 = Release|Any CPU
		{7C3CB912-8737-4AB7-83CA-C2BC2CE1652F}.Debug|Any CPU.ActiveCfg = Debug|Any CPU
		{7C3CB912-8737-4AB7-83CA-C2BC2CE1652F}.Debug|Any CPU.Build.0 = Debug|Any CPU
		{7C3CB912-8737-4AB7-83CA-C2BC2CE1652F}.Release|Any CPU.ActiveCfg = Release|Any CPU
		{7C3CB912-8737-4AB7-83CA-C2BC2CE1652F}.Release|Any CPU.Build.0 = Release|Any CPU
		{63DD4330-96F3-4B78-A2DF-12CDF9EB33B8}.Debug|Any CPU.ActiveCfg = Debug|Any CPU
		{63DD4330-96F3-4B78-A2DF-12CDF9EB33B8}.Debug|Any CPU.Build.0 = Debug|Any CPU
		{63DD4330-96F3-4B78-A2DF-12CDF9EB33B8}.Release|Any CPU.ActiveCfg = Release|Any CPU
		{63DD4330-96F3-4B78-A2DF-12CDF9EB33B8}.Release|Any CPU.Build.0 = Release|Any CPU
	EndGlobalSection
	GlobalSection(SolutionProperties) = preSolution
		HideSolutionNode = FALSE
	EndGlobalSection
	GlobalSection(ExtensibilityGlobals) = postSolution
		SolutionGuid = {4AE350FB-4599-4A08-8BB0-47601C1372B7}
	EndGlobalSection
EndGlobal
